
Microsoft Visual Studio Solution File, Format Version 12.00
# Visual Studio 15
VisualStudioVersion = 15.0.28307.572
MinimumVisualStudioVersion = 10.0.40219.1
Project("{FAE04EC0-301F-11D3-BF4B-00C04F79EFBC}") = "DiscordRP", "DiscordRP\DiscordRP.csproj", "{BE0603D9-AA28-4845-875F-DA9BA68359DD}"
EndProject
Global
	GlobalSection(SolutionConfigurationPlatforms) = preSolution
		Debug|Any CPU = Debug|Any CPU
		Release|Any CPU = Release|Any CPU
	EndGlobalSection
	GlobalSection(ProjectConfigurationPlatforms) = postSolution
		{BE0603D9-AA28-4845-875F-DA9BA68359DD}.Debug|Any CPU.ActiveCfg = Debug|Any CPU
		{BE0603D9-AA28-4845-875F-DA9BA68359DD}.Debug|Any CPU.Build.0 = Debug|Any CPU
		{BE0603D9-AA28-4845-875F-DA9BA68359DD}.Release|Any CPU.ActiveCfg = Release|Any CPU
		{BE0603D9-AA28-4845-875F-DA9BA68359DD}.Release|Any CPU.Build.0 = Release|Any CPU
	EndGlobalSection
	GlobalSection(SolutionProperties) = preSolution
		HideSolutionNode = FALSE
	EndGlobalSection
	GlobalSection(ExtensibilityGlobals) = postSolution
		SolutionGuid = {A9205356-248E-4C7D-A7BD-59FFF9A37D48}
	EndGlobalSection
EndGlobal
